<?xml version="1.0" encoding="utf-8"?>
<Project ToolsVersion="4.0" xmlns="http://schemas.microsoft.com/developer/msbuild/2003">
  <ItemGroup>
    <Filter Include="Source Files">
      <UniqueIdentifier>{4FC737F1-C7A5-4376-A066-2A32D752A2FF}</UniqueIdentifier>
      <Extensions>cpp;c;cc;cxx;def;odl;idl;hpj;bat;asm;asmx</Extensions>
    </Filter>
    <Filter Include="Header Files">
      <UniqueIdentifier>{93995380-89BD-4b04-88EB-625FBE52EBFB}</UniqueIdentifier>
      <Extensions>h;hpp;hxx;hm;inl;inc;xsd</Extensions>
    </Filter>
    <Filter Include="Resource Files">
      <UniqueIdentifier>{67DA6AB6-F800-4c08-8B7A-83BB121AAD01}</UniqueIdentifier>
      <Extensions>rc;ico;cur;bmp;dlg;rc2;rct;bin;rgs;gif;jpg;jpeg;jpe;resx;tiff;tif;png;wav;mfcribbon-ms</Extensions>
    </Filter>
    <Filter Include="Header Files\Physics">
      <UniqueIdentifier>{7bbba50b-e0e6-4a7c-b3f0-9fa0aeeb31c7}</UniqueIdentifier>
    </Filter>
    <Filter Include="Source Files\Phisics">
      <UniqueIdentifier>{4f470dfc-29d5-48ef-9dc4-d3061b3856df}</UniqueIdentifier>
    </Filter>
    <Filter Include="Header Files\Math">
      <UniqueIdentifier>{74f2d84c-91f2-4efe-9d08-50dfeec52e09}</UniqueIdentifier>
    </Filter>
    <Filter Include="Source Files\Math">
      <UniqueIdentifier>{68e7baef-cedc-4036-98b9-8e506c157f54}</UniqueIdentifier>
    </Filter>
  </ItemGroup>
  <ItemGroup>
    <ClInclude Include="stdafx.h">
      <Filter>Header Files</Filter>
    </ClInclude>
    <ClInclude Include="targetver.h">
      <Filter>Header Files</Filter>
    </ClInclude>
    <ClInclude Include="GLWindow.h">
      <Filter>Header Files</Filter>
    </ClInclude>
    <ClInclude Include="modelstructures.h">
      <Filter>Header Files</Filter>
    </ClInclude>
    <ClInclude Include="Model.h">
      <Filter>Header Files</Filter>
    </ClInclude>
    <ClInclude Include="Mesh.h">
      <Filter>Header Files</Filter>
    </ClInclude>
    <ClInclude Include="Helper.h">
      <Filter>Header Files</Filter>
    </ClInclude>
    <ClInclude Include="Material.h">
      <Filter>Header Files</Filter>
    </ClInclude>
    <ClInclude Include="Cloth.h">
      <Filter>Header Files</Filter>
    </ClInclude>
    <ClInclude Include="Phisics.h">
      <Filter>Header Files\Physics</Filter>
    </ClInclude>
    <ClInclude Include="Vector3D.h">
      <Filter>Header Files\Physics</Filter>
    </ClInclude>
    <ClInclude Include="Boat.h">
      <Filter>Header Files\Physics</Filter>
    </ClInclude>
    <ClInclude Include="MatrixBase.h">
      <Filter>Header Files\Math</Filter>
    </ClInclude>
  </ItemGroup>
  <ItemGroup>
    <ClCompile Include="stdafx.cpp">
      <Filter>Source Files</Filter>
    </ClCompile>
    <ClCompile Include="GLWindow.cpp">
      <Filter>Source Files</Filter>
    </ClCompile>
    <ClCompile Include="Model.cpp">
      <Filter>Source Files</Filter>
    </ClCompile>
    <ClCompile Include="Mesh.cpp">
      <Filter>Source Files</Filter>
    </ClCompile>
    <ClCompile Include="Helper.cpp">
      <Filter>Source Files</Filter>
    </ClCompile>
    <ClCompile Include="SuperSeaman.cpp">
      <Filter>Source Files</Filter>
    </ClCompile>
    <ClCompile Include="Material.cpp">
      <Filter>Source Files</Filter>
    </ClCompile>
    <ClCompile Include="Cloth.cpp">
      <Filter>Source Files</Filter>
    </ClCompile>
    <ClCompile Include="Vector3D.cpp">
      <Filter>Source Files\Phisics</Filter>
    </ClCompile>
    <ClCompile Include="Phisics.cpp">
      <Filter>Source Files\Phisics</Filter>
    </ClCompile>
    <ClCompile Include="Boat.cpp">
      <Filter>Source Files\Phisics</Filter>
    </ClCompile>
  </ItemGroup>
  <ItemGroup>
    <None Include="wood.bmp">
      <Filter>Resource Files</Filter>
    </None>
    <None Include="bitmap2.bmp">
      <Filter>Resource Files</Filter>
    </None>
    <None Include="woodplanks.bmp">
      <Filter>Resource Files</Filter>
    </None>
  </ItemGroup>
</Project>